
Microsoft Visual Studio Solution File, Format Version 12.00
# Visual Studio Version 17
VisualStudioVersion = 17.9.34728.123
MinimumVisualStudioVersion = 10.0.40219.1
Project("{9A19103F-16F7-4668-BE54-9A1E7A4F7556}") = "Typographer", "Typographer\Typographer.csproj", "{99998C27-F9EF-4D1C-A4D1-C1EB2CA3DDAB}"
EndProject
Global
	GlobalSection(SolutionConfigurationPlatforms) = preSolution
		Debug|Any CPU = Debug|Any CPU
		Release|Any CPU = Release|Any CPU
	EndGlobalSection
	GlobalSection(ProjectConfigurationPlatforms) = postSolution
		{99998C27-F9EF-4D1C-A4D1-C1EB2CA3DDAB}.Debug|Any CPU.ActiveCfg = Debug|Any CPU
		{99998C27-F9EF-4D1C-A4D1-C1EB2CA3DDAB}.Debug|Any CPU.Build.0 = Debug|Any CPU
		{99998C27-F9EF-4D1C-A4D1-C1EB2CA3DDAB}.Release|Any CPU.ActiveCfg = Release|Any CPU
		{99998C27-F9EF-4D1C-A4D1-C1EB2CA3DDAB}.Release|Any CPU.Build.0 = Release|Any CPU
	EndGlobalSection
	GlobalSection(SolutionProperties) = preSolution
		HideSolutionNode = FALSE
	EndGlobalSection
	GlobalSection(ExtensibilityGlobals) = postSolution
		SolutionGuid = {E224A8DE-B9C7-4F03-8B78-6E13F4D4C481}
	EndGlobalSection
EndGlobal
